// !$*UTF8*$!
{
	archiveVersion = 1;
	classes = {
	};
	objectVersion = 50;
	objects = {

/* Begin PBXBuildFile section */
		9BABAAB5216846D000A4574D /* AppDelegate.swift in Sources */ = {isa = PBXBuildFile; fileRef = 9BABAAB4216846D000A4574D /* AppDelegate.swift */; };
		9BABAAB7216846D000A4574D /* ViewController.swift in Sources */ = {isa = PBXBuildFile; fileRef = 9BABAAB6216846D000A4574D /* ViewController.swift */; };
		9BABAABA216846D000A4574D /* Main.storyboard in Resources */ = {isa = PBXBuildFile; fileRef = 9BABAAB8216846D000A4574D /* Main.storyboard */; };
		9BABAABC216846DA00A4574D /* Assets.xcassets in Resources */ = {isa = PBXBuildFile; fileRef = 9BABAABB216846DA00A4574D /* Assets.xcassets */; };
		9BABAABF216846DA00A4574D /* LaunchScreen.storyboard in Resources */ = {isa = PBXBuildFile; fileRef = 9BABAABD216846DA00A4574D /* LaunchScreen.storyboard */; };
		9BABAACA216846DA00A4574D /* robflixTests.swift in Sources */ = {isa = PBXBuildFile; fileRef = 9BABAAC9216846DA00A4574D /* robflixTests.swift */; };
		9BABAAD5216846DB00A4574D /* robflixUITests.swift in Sources */ = {isa = PBXBuildFile; fileRef = 9BABAAD4216846DB00A4574D /* robflixUITests.swift */; };
/* End PBXBuildFile section */

/* Begin PBXContainerItemProxy section */
		9BABAAC6216846DA00A4574D /* PBXContainerItemProxy */ = {
			isa = PBXContainerItemProxy;
			containerPortal = 9BABAAA9216846D000A4574D /* Project object */;
			proxyType = 1;
			remoteGlobalIDString = 9BABAAB0216846D000A4574D;
			remoteInfo = robflix;
		};
		9BABAAD1216846DA00A4574D /* PBXContainerItemProxy */ = {
			isa = PBXContainerItemProxy;
			containerPortal = 9BABAAA9216846D000A4574D /* Project object */;
			proxyType = 1;
			remoteGlobalIDString = 9BABAAB0216846D000A4574D;
			remoteInfo = robflix;
		};
/* End PBXContainerItemProxy section */

/* Begin PBXFileReference section */
		9BABAAB1216846D000A4574D /* robflix.app */ = {isa = PBXFileReference; explicitFileType = wrapper.application; includeInIndex = 0; path = robflix.app; sourceTree = BUILT_PRODUCTS_DIR; };
		9BABAAB4216846D000A4574D /* AppDelegate.swift */ = {isa = PBXFileReference; lastKnownFileType = sourcecode.swift; path = AppDelegate.swift; sourceTree = "<group>"; };
		9BABAAB6216846D000A4574D /* ViewController.swift */ = {isa = PBXFileReference; lastKnownFileType = sourcecode.swift; path = ViewController.swift; sourceTree = "<group>"; };
		9BABAAB9216846D000A4574D /* Base */ = {isa = PBXFileReference; lastKnownFileType = file.storyboard; name = Base; path = Base.lproj/Main.storyboard; sourceTree = "<group>"; };
		9BABAABB216846DA00A4574D /* Assets.xcassets */ = {isa = PBXFileReference; lastKnownFileType = folder.assetcatalog; path = Assets.xcassets; sourceTree = "<group>"; };
		9BABAABE216846DA00A4574D /* Base */ = {isa = PBXFileReference; lastKnownFileType = file.storyboard; name = Base; path = Base.lproj/LaunchScreen.storyboard; sourceTree = "<group>"; };
		9BABAAC0216846DA00A4574D /* Info.plist */ = {isa = PBXFileReference; lastKnownFileType = text.plist.xml; path = Info.plist; sourceTree = "<group>"; };
		9BABAAC5216846DA00A4574D /* robflixTests.xctest */ = {isa = PBXFileReference; explicitFileType = wrapper.cfbundle; includeInIndex = 0; path = robflixTests.xctest; sourceTree = BUILT_PRODUCTS_DIR; };
		9BABAAC9216846DA00A4574D /* robflixTests.swift */ = {isa = PBXFileReference; lastKnownFileType = sourcecode.swift; path = robflixTests.swift; sourceTree = "<group>"; };
		9BABAACB216846DA00A4574D /* Info.plist */ = {isa = PBXFileReference; lastKnownFileType = text.plist.xml; path = Info.plist; sourceTree = "<group>"; };
		9BABAAD0216846DA00A4574D /* robflixUITests.xctest */ = {isa = PBXFileReference; explicitFileType = wrapper.cfbundle; includeInIndex = 0; path = robflixUITests.xctest; sourceTree = BUILT_PRODUCTS_DIR; };
		9BABAAD4216846DB00A4574D /* robflixUITests.swift */ = {isa = PBXFileReference; lastKnownFileType = sourcecode.swift; path = robflixUITests.swift; sourceTree = "<group>"; };
		9BABAAD6216846DB00A4574D /* Info.plist */ = {isa = PBXFileReference; lastKnownFileType = text.plist.xml; path = Info.plist; sourceTree = "<group>"; };
/* End PBXFileReference section */

/* Begin PBXFrameworksBuildPhase section */
		9BABAAAE216846D000A4574D /* Frameworks */ = {
			isa = PBXFrameworksBuildPhase;
			buildActionMask = 2147483647;
			files = (
			);
			runOnlyForDeploymentPostprocessing = 0;
		};
		9BABAAC2216846DA00A4574D /* Frameworks */ = {
			isa = PBXFrameworksBuildPhase;
			buildActionMask = 2147483647;
			files = (
			);
			runOnlyForDeploymentPostprocessing = 0;
		};
		9BABAACD216846DA00A4574D /* Frameworks */ = {
			isa = PBXFrameworksBuildPhase;
			buildActionMask = 2147483647;
			files = (
			);
			runOnlyForDeploymentPostprocessing = 0;
		};
/* End PBXFrameworksBuildPhase section */

/* Begin PBXGroup section */
		9BABAAA8216846CF00A4574D = {
			isa = PBXGroup;
			children = (
				9BABAAB3216846D000A4574D /* robflix */,
				9BABAAC8216846DA00A4574D /* robflixTests */,
				9BABAAD3216846DB00A4574D /* robflixUITests */,
				9BABAAB2216846D000A4574D /* Products */,
			);
			sourceTree = "<group>";
		};
		9BABAAB2216846D000A4574D /* Products */ = {
			isa = PBXGroup;
			children = (
				9BABAAB1216846D000A4574D /* robflix.app */,
				9BABAAC5216846DA00A4574D /* robflixTests.xctest */,
				9BABAAD0216846DA00A4574D /* robflixUITests.xctest */,
			);
			name = Products;
			sourceTree = "<group>";
		};
		9BABAAB3216846D000A4574D /* robflix */ = {
			isa = PBXGroup;
			children = (
				9BABAAB4216846D000A4574D /* AppDelegate.swift */,
				9BABAAB6216846D000A4574D /* ViewController.swift */,
				9BABAAB8216846D000A4574D /* Main.storyboard */,
				9BABAABB216846DA00A4574D /* Assets.xcassets */,
				9BABAABD216846DA00A4574D /* LaunchScreen.storyboard */,
				9BABAAC0216846DA00A4574D /* Info.plist */,
			);
			path = robflix;
			sourceTree = "<group>";
		};
		9BABAAC8216846DA00A4574D /* robflixTests */ = {
			isa = PBXGroup;
			children = (
				9BABAAC9216846DA00A4574D /* robflixTests.swift */,
				9BABAACB216846DA00A4574D /* Info.plist */,
			);
			path = robflixTests;
			sourceTree = "<group>";
		};
		9BABAAD3216846DB00A4574D /* robflixUITests */ = {
			isa = PBXGroup;
			children = (
				9BABAAD4216846DB00A4574D /* robflixUITests.swift */,
				9BABAAD6216846DB00A4574D /* Info.plist */,
			);
			path = robflixUITests;
			sourceTree = "<group>";
		};
/* End PBXGroup section */

/* Begin PBXNativeTarget section */
		9BABAAB0216846D000A4574D /* robflix */ = {
			isa = PBXNativeTarget;
			buildConfigurationList = 9BABAAD9216846DB00A4574D /* Build configuration list for PBXNativeTarget "robflix" */;
			buildPhases = (
				9BABAAAD216846D000A4574D /* Sources */,
				9BABAAAE216846D000A4574D /* Frameworks */,
				9BABAAAF216846D000A4574D /* Resources */,
			);
			buildRules = (
			);
			dependencies = (
			);
			name = robflix;
			productName = robflix;
			productReference = 9BABAAB1216846D000A4574D /* robflix.app */;
			productType = "com.apple.product-type.application";
		};
		9BABAAC4216846DA00A4574D /* robflixTests */ = {
			isa = PBXNativeTarget;
			buildConfigurationList = 9BABAADC216846DB00A4574D /* Build configuration list for PBXNativeTarget "robflixTests" */;
			buildPhases = (
				9BABAAC1216846DA00A4574D /* Sources */,
				9BABAAC2216846DA00A4574D /* Frameworks */,
				9BABAAC3216846DA00A4574D /* Resources */,
			);
			buildRules = (
			);
			dependencies = (
				9BABAAC7216846DA00A4574D /* PBXTargetDependency */,
			);
			name = robflixTests;
			productName = robflixTests;
			productReference = 9BABAAC5216846DA00A4574D /* robflixTests.xctest */;
			productType = "com.apple.product-type.bundle.unit-test";
		};
		9BABAACF216846DA00A4574D /* robflixUITests */ = {
			isa = PBXNativeTarget;
			buildConfigurationList = 9BABAADF216846DB00A4574D /* Build configuration list for PBXNativeTarget "robflixUITests" */;
			buildPhases = (
				9BABAACC216846DA00A4574D /* Sources */,
				9BABAACD216846DA00A4574D /* Frameworks */,
				9BABAACE216846DA00A4574D /* Resources */,
			);
			buildRules = (
			);
			dependencies = (
				9BABAAD2216846DA00A4574D /* PBXTargetDependency */,
			);
			name = robflixUITests;
			productName = robflixUITests;
			productReference = 9BABAAD0216846DA00A4574D /* robflixUITests.xctest */;
			productType = "com.apple.product-type.bundle.ui-testing";
		};
/* End PBXNativeTarget section */

/* Begin PBXProject section */
		9BABAAA9216846D000A4574D /* Project object */ = {
			isa = PBXProject;
			attributes = {
				LastSwiftUpdateCheck = 0940;
				LastUpgradeCheck = 0940;
				ORGANIZATIONNAME = macstudent;
				TargetAttributes = {
					9BABAAB0216846D000A4574D = {
						CreatedOnToolsVersion = 9.4.1;
					};
					9BABAAC4216846DA00A4574D = {
						CreatedOnToolsVersion = 9.4.1;
						TestTargetID = 9BABAAB0216846D000A4574D;
					};
					9BABAACF216846DA00A4574D = {
						CreatedOnToolsVersion = 9.4.1;
						TestTargetID = 9BABAAB0216846D000A4574D;
					};
				};
			};
			buildConfigurationList = 9BABAAAC216846D000A4574D /* Build configuration list for PBXProject "robflix" */;
			compatibilityVersion = "Xcode 9.3";
			developmentRegion = en;
			hasScannedForEncodings = 0;
			knownRegions = (
				en,
				Base,
			);
			mainGroup = 9BABAAA8216846CF00A4574D;
			productRefGroup = 9BABAAB2216846D000A4574D /* Products */;
			projectDirPath = "";
			projectRoot = "";
			targets = (
				9BABAAB0216846D000A4574D /* robflix */,
				9BABAAC4216846DA00A4574D /* robflixTests */,
				9BABAACF216846DA00A4574D /* robflixUITests */,
			);
		};
/* End PBXProject section */

/* Begin PBXResourcesBuildPhase section */
		9BABAAAF216846D000A4574D /* Resources */ = {
			isa = PBXResourcesBuildPhase;
			buildActionMask = 2147483647;
			files = (
				9BABAABF216846DA00A4574D /* LaunchScreen.storyboard in Resources */,
				9BABAABC216846DA00A4574D /* Assets.xcassets in Resources */,
				9BABAABA216846D000A4574D /* Main.storyboard in Resources */,
			);
			runOnlyForDeploymentPostprocessing = 0;
		};
		9BABAAC3216846DA00A4574D /* Resources */ = {
			isa = PBXResourcesBuildPhase;
			buildActionMask = 2147483647;
			files = (
			);
			runOnlyForDeploymentPostprocessing = 0;
		};
		9BABAACE216846DA00A4574D /* Resources */ = {
			isa = PBXResourcesBuildPhase;
			buildActionMask = 2147483647;
			files = (
			);
			runOnlyForDeploymentPostprocessing = 0;
		};
/* End PBXResourcesBuildPhase section */

/* Begin PBXSourcesBuildPhase section */
		9BABAAAD216846D000A4574D /* Sources */ = {
			isa = PBXSourcesBuildPhase;
			buildActionMask = 2147483647;
			files = (
				9BABAAB7216846D000A4574D /* ViewController.swift in Sources */,
				9BABAAB5216846D000A4574D /* AppDelegate.swift in Sources */,
			);
			runOnlyForDeploymentPostprocessing = 0;
		};
		9BABAAC1216846DA00A4574D /* Sources */ = {
			isa = PBXSourcesBuildPhase;
			buildActionMask = 2147483647;
			files = (
				9BABAACA216846DA00A4574D /* robflixTests.swift in Sources */,
			);
			runOnlyForDeploymentPostprocessing = 0;
		};
		9BABAACC216846DA00A4574D /* Sources */ = {
			isa = PBXSourcesBuildPhase;
			buildActionMask = 2147483647;
			files = (
				9BABAAD5216846DB00A4574D /* robflixUITests.swift in Sources */,
			);
			runOnlyForDeploymentPostprocessing = 0;
		};
/* End PBXSourcesBuildPhase section */

/* Begin PBXTargetDependency section */
		9BABAAC7216846DA00A4574D /* PBXTargetDependency */ = {
			isa = PBXTargetDependency;
			target = 9BABAAB0216846D000A4574D /* robflix */;
			targetProxy = 9BABAAC6216846DA00A4574D /* PBXContainerItemProxy */;
		};
		9BABAAD2216846DA00A4574D /* PBXTargetDependency */ = {
			isa = PBXTargetDependency;
			target = 9BABAAB0216846D000A4574D /* robflix */;
			targetProxy = 9BABAAD1216846DA00A4574D /* PBXContainerItemProxy */;
		};
/* End PBXTargetDependency section */

/* Begin PBXVariantGroup section */
		9BABAAB8216846D000A4574D /* Main.storyboard */ = {
			isa = PBXVariantGroup;
			children = (
				9BABAAB9216846D000A4574D /* Base */,
			);
			name = Main.storyboard;
			sourceTree = "<group>";
		};
		9BABAABD216846DA00A4574D /* LaunchScreen.storyboard */ = {
			isa = PBXVariantGroup;
			children = (
				9BABAABE216846DA00A4574D /* Base */,
			);
			name = LaunchScreen.storyboard;
			sourceTree = "<group>";
		};
/* End PBXVariantGroup section */

/* Begin XCBuildConfiguration section */
		9BABAAD7216846DB00A4574D /* Debug */ = {
			isa = XCBuildConfiguration;
			buildSettings = {
				ALWAYS_SEARCH_USER_PATHS = NO;
				CLANG_ANALYZER_NONNULL = YES;
				CLANG_ANALYZER_NUMBER_OBJECT_CONVERSION = YES_AGGRESSIVE;
				CLANG_CXX_LANGUAGE_STANDARD = "gnu++14";
				CLANG_CXX_LIBRARY = "libc++";
				CLANG_ENABLE_MODULES = YES;
				CLANG_ENABLE_OBJC_ARC = YES;
				CLANG_ENABLE_OBJC_WEAK = YES;
				CLANG_WARN_BLOCK_CAPTURE_AUTORELEASING = YES;
				CLANG_WARN_BOOL_CONVERSION = YES;
				CLANG_WARN_COMMA = YES;
				CLANG_WARN_CONSTANT_CONVERSION = YES;
				CLANG_WARN_DEPRECATED_OBJC_IMPLEMENTATIONS = YES;
				CLANG_WARN_DIRECT_OBJC_ISA_USAGE = YES_ERROR;
				CLANG_WARN_DOCUMENTATION_COMMENTS = YES;
				CLANG_WARN_EMPTY_BODY = YES;
				CLANG_WARN_ENUM_CONVERSION = YES;
				CLANG_WARN_INFINITE_RECURSION = YES;
				CLANG_WARN_INT_CONVERSION = YES;
				CLANG_WARN_NON_LITERAL_NULL_CONVERSION = YES;
				CLANG_WARN_OBJC_IMPLICIT_RETAIN_SELF = YES;
				CLANG_WARN_OBJC_LITERAL_CONVERSION = YES;
				CLANG_WARN_OBJC_ROOT_CLASS = YES_ERROR;
				CLANG_WARN_RANGE_LOOP_ANALYSIS = YES;
				CLANG_WARN_STRICT_PROTOTYPES = YES;
				CLANG_WARN_SUSPICIOUS_MOVE = YES;
				CLANG_WARN_UNGUARDED_AVAILABILITY = YES_AGGRESSIVE;
				CLANG_WARN_UNREACHABLE_CODE = YES;
				CLANG_WARN__DUPLICATE_METHOD_MATCH = YES;
				CODE_SIGN_IDENTITY = "iPhone Developer";
				COPY_PHASE_STRIP = NO;
				DEBUG_INFORMATION_FORMAT = dwarf;
				ENABLE_STRICT_OBJC_MSGSEND = YES;
				ENABLE_TESTABILITY = YES;
				GCC_C_LANGUAGE_STANDARD = gnu11;
				GCC_DYNAMIC_NO_PIC = NO;
				GCC_NO_COMMON_BLOCKS = YES;
				GCC_OPTIMIZATION_LEVEL = 0;
				GCC_PREPROCESSOR_DEFINITIONS = (
					"DEBUG=1",
					"$(inherited)",
				);
				GCC_WARN_64_TO_32_BIT_CONVERSION = YES;
				GCC_WARN_ABOUT_RETURN_TYPE = YES_ERROR;
				GCC_WARN_UNDECLARED_SELECTOR = YES;
				GCC_WARN_UNINITIALIZED_AUTOS = YES_AGGRESSIVE;
				GCC_WARN_UNUSED_FUNCTION = YES;
				GCC_WARN_UNUSED_VARIABLE = YES;
				IPHONEOS_DEPLOYMENT_TARGET = 11.4;
				MTL_ENABLE_DEBUG_INFO = YES;
				ONLY_ACTIVE_ARCH = YES;
				SDKROOT = iphoneos;
				SWIFT_ACTIVE_COMPILATION_CONDITIONS = DEBUG;
				SWIFT_OPTIMIZATION_LEVEL = "-Onone";
			};
			name = Debug;
		};
		9BABAAD8216846DB00A4574D /* Release */ = {
			isa = XCBuildConfiguration;
			buildSettings = {
				ALWAYS_SEARCH_USER_PATHS = NO;
				CLANG_ANALYZER_NONNULL = YES;
				CLANG_ANALYZER_NUMBER_OBJECT_CONVERSION = YES_AGGRESSIVE;
				CLANG_CXX_LANGUAGE_STANDARD = "gnu++14";
				CLANG_CXX_LIBRARY = "libc++";
				CLANG_ENABLE_MODULES = YES;
				CLANG_ENABLE_OBJC_ARC = YES;
				CLANG_ENABLE_OBJC_WEAK = YES;
				CLANG_WARN_BLOCK_CAPTURE_AUTORELEASING = YES;
				CLANG_WARN_BOOL_CONVERSION = YES;
				CLANG_WARN_COMMA = YES;
				CLANG_WARN_CONSTANT_CONVERSION = YES;
				CLANG_WARN_DEPRECATED_OBJC_IMPLEMENTATIONS = YES;
				CLANG_WARN_DIRECT_OBJC_ISA_USAGE = YES_ERROR;
				CLANG_WARN_DOCUMENTATION_COMMENTS = YES;
				CLANG_WARN_EMPTY_BODY = YES;
				CLANG_WARN_ENUM_CONVERSION = YES;
				CLANG_WARN_INFINITE_RECURSION = YES;
				CLANG_WARN_INT_CONVERSION = YES;
				CLANG_WARN_NON_LITERAL_NULL_CONVERSION = YES;
				CLANG_WARN_OBJC_IMPLICIT_RETAIN_SELF = YES;
				CLANG_WARN_OBJC_LITERAL_CONVERSION = YES;
				CLANG_WARN_OBJC_ROOT_CLASS = YES_ERROR;
				CLANG_WARN_RANGE_LOOP_ANALYSIS = YES;
				CLANG_WARN_STRICT_PROTOTYPES = YES;
				CLANG_WARN_SUSPICIOUS_MOVE = YES;
				CLANG_WARN_UNGUARDED_AVAILABILITY = YES_AGGRESSIVE;
				CLANG_WARN_UNREACHABLE_CODE = YES;
				CLANG_WARN__DUPLICATE_METHOD_MATCH = YES;
				CODE_SIGN_IDENTITY = "iPhone Developer";
				COPY_PHASE_STRIP = NO;
				DEBUG_INFORMATION_FORMAT = "dwarf-with-dsym";
				ENABLE_NS_ASSERTIONS = NO;
				ENABLE_STRICT_OBJC_MSGSEND = YES;
				GCC_C_LANGUAGE_STANDARD = gnu11;
				GCC_NO_COMMON_BLOCKS = YES;
				GCC_WARN_64_TO_32_BIT_CONVERSION = YES;
				GCC_WARN_ABOUT_RETURN_TYPE = YES_ERROR;
				GCC_WARN_UNDECLARED_SELECTOR = YES;
				GCC_WARN_UNINITIALIZED_AUTOS = YES_AGGRESSIVE;
				GCC_WARN_UNUSED_FUNCTION = YES;
				GCC_WARN_UNUSED_VARIABLE = YES;
				IPHONEOS_DEPLOYMENT_TARGET = 11.4;
				MTL_ENABLE_DEBUG_INFO = NO;
				SDKROOT = iphoneos;
				SWIFT_COMPILATION_MODE = wholemodule;
				SWIFT_OPTIMIZATION_LEVEL = "-O";
				VALIDATE_PRODUCT = YES;
			};
			name = Release;
		};
		9BABAADA216846DB00A4574D /* Debug */ = {
			isa = XCBuildConfiguration;
			buildSettings = {
				ASSETCATALOG_COMPILER_APPICON_NAME = AppIcon;
				CODE_SIGN_STYLE = Automatic;
				INFOPLIST_FILE = robflix/Info.plist;
				LD_RUNPATH_SEARCH_PATHS = (
					"$(inherited)",
					"@executable_path/Frameworks",
				);
				PRODUCT_BUNDLE_IDENTIFIER = test.robflix;
				PRODUCT_NAME = "$(TARGET_NAME)";
				SWIFT_VERSION = 4.0;
				TARGETED_DEVICE_FAMILY = "1,2";
			};
			name = Debug;
		};
		9BABAADB216846DB00A4574D /* Release */ = {
			isa = XCBuildConfiguration;
			buildSettings = {
				ASSETCATALOG_COMPILER_APPICON_NAME = AppIcon;
				CODE_SIGN_STYLE = Automatic;
				INFOPLIST_FILE = robflix/Info.plist;
				LD_RUNPATH_SEARCH_PATHS = (
					"$(inherited)",
					"@executable_path/Frameworks",
				);
				PRODUCT_BUNDLE_IDENTIFIER = test.robflix;
				PRODUCT_NAME = "$(TARGET_NAME)";
				SWIFT_VERSION = 4.0;
				TARGETED_DEVICE_FAMILY = "1,2";
			};
			name = Release;
		};
		9BABAADD216846DB00A4574D /* Debug */ = {
			isa = XCBuildConfiguration;
			buildSettings = {
				ALWAYS_EMBED_SWIFT_STANDARD_LIBRARIES = YES;
				BUNDLE_LOADER = "$(TEST_HOST)";
				CODE_SIGN_STYLE = Automatic;
				INFOPLIST_FILE = robflixTests/Info.plist;
				LD_RUNPATH_SEARCH_PATHS = (
					"$(inherited)",
					"@executable_path/Frameworks",
					"@loader_path/Frameworks",
				);
				PRODUCT_BUNDLE_IDENTIFIER = test.robflixTests;
				PRODUCT_NAME = "$(TARGET_NAME)";
				SWIFT_VERSION = 4.0;
				TARGETED_DEVICE_FAMILY = "1,2";
				TEST_HOST = "$(BUILT_PRODUCTS_DIR)/robflix.app/robflix";
			};
			name = Debug;
		};
		9BABAADE216846DB00A4574D /* Release */ = {
			isa = XCBuildConfiguration;
			buildSettings = {
				ALWAYS_EMBED_SWIFT_STANDARD_LIBRARIES = YES;
				BUNDLE_LOADER = "$(TEST_HOST)";
				CODE_SIGN_STYLE = Automatic;
				INFOPLIST_FILE = robflixTests/Info.plist;
				LD_RUNPATH_SEARCH_PATHS = (
					"$(inherited)",
					"@executable_path/Frameworks",
					"@loader_path/Frameworks",
				);
				PRODUCT_BUNDLE_IDENTIFIER = test.robflixTests;
				PRODUCT_NAME = "$(TARGET_NAME)";
				SWIFT_VERSION = 4.0;
				TARGETED_DEVICE_FAMILY = "1,2";
				TEST_HOST = "$(BUILT_PRODUCTS_DIR)/robflix.app/robflix";
			};
			name = Release;
		};
		9BABAAE0216846DB00A4574D /* Debug */ = {
			isa = XCBuildConfiguration;
			buildSettings = {
				ALWAYS_EMBED_SWIFT_STANDARD_LIBRARIES = YES;
				CODE_SIGN_STYLE = Automatic;
				INFOPLIST_FILE = robflixUITests/Info.plist;
				LD_RUNPATH_SEARCH_PATHS = (
					"$(inherited)",
					"@executable_path/Frameworks",
					"@loader_path/Frameworks",
				);
				PRODUCT_BUNDLE_IDENTIFIER = test.robflixUITests;
				PRODUCT_NAME = "$(TARGET_NAME)";
				SWIFT_VERSION = 4.0;
				TARGETED_DEVICE_FAMILY = "1,2";
				TEST_TARGET_NAME = robflix;
			};
			name = Debug;
		};
		9BABAAE1216846DB00A4574D /* Release */ = {
			isa = XCBuildConfiguration;
			buildSettings = {
				ALWAYS_EMBED_SWIFT_STANDARD_LIBRARIES = YES;
				CODE_SIGN_STYLE = Automatic;
				INFOPLIST_FILE = robflixUITests/Info.plist;
				LD_RUNPATH_SEARCH_PATHS = (
					"$(inherited)",
					"@executable_path/Frameworks",
					"@loader_path/Frameworks",
				);
				PRODUCT_BUNDLE_IDENTIFIER = test.robflixUITests;
				PRODUCT_NAME = "$(TARGET_NAME)";
				SWIFT_VERSION = 4.0;
				TARGETED_DEVICE_FAMILY = "1,2";
				TEST_TARGET_NAME = robflix;
			};
			name = Release;
		};
/* End XCBuildConfiguration section */

/* Begin XCConfigurationList section */
		9BABAAAC216846D000A4574D /* Build configuration list for PBXProject "robflix" */ = {
			isa = XCConfigurationList;
			buildConfigurations = (
				9BABAAD7216846DB00A4574D /* Debug */,
				9BABAAD8216846DB00A4574D /* Release */,
			);
			defaultConfigurationIsVisible = 0;
			defaultConfigurationName = Release;
		};
		9BABAAD9216846DB00A4574D /* Build configuration list for PBXNativeTarget "robflix" */ = {
			isa = XCConfigurationList;
			buildConfigurations = (
				9BABAADA216846DB00A4574D /* Debug */,
				9BABAADB216846DB00A4574D /* Release */,
			);
			defaultConfigurationIsVisible = 0;
			defaultConfigurationName = Release;
		};
		9BABAADC216846DB00A4574D /* Build configuration list for PBXNativeTarget "robflixTests" */ = {
			isa = XCConfigurationList;
			buildConfigurations = (
				9BABAADD216846DB00A4574D /* Debug */,
				9BABAADE216846DB00A4574D /* Release */,
			);
			defaultConfigurationIsVisible = 0;
			defaultConfigurationName = Release;
		};
		9BABAADF216846DB00A4574D /* Build configuration list for PBXNativeTarget "robflixUITests" */ = {
			isa = XCConfigurationList;
			buildConfigurations = (
				9BABAAE0216846DB00A4574D /* Debug */,
				9BABAAE1216846DB00A4574D /* Release */,
			);
			defaultConfigurationIsVisible = 0;
			defaultConfigurationName = Release;
		};
/* End XCConfigurationList section */
	};
	rootObject = 9BABAAA9216846D000A4574D /* Project object */;
}
